{
  "projects": [
    {
      "projectId": "seaQhLVS4bbjiGvJJrRwyL",
      "version": "15.0.3",
      "dependencies": {},
      "lang": "ts",
      "fileLocks": [
        {
          "assetId": "seaQhLVS4bbjiGvJJrRwyL",
          "type": "projectCss",
          "checksum": "92fb3f0ca07a8916b2b57cc87f1b539e"
        }
      ],
      "codegenVersion": "0.0.1"
    },
    {
      "projectId": "tnQMffms1ryjCUbmhBGpjJ",
      "version": "latest",
      "dependencies": {
        "seaQhLVS4bbjiGvJJrRwyL": "15.0.3"
      },
      "lang": "ts",
      "fileLocks": [
        {
          "type": "globalVariant",
          "assetId": "bMMm_yNpDJvI0V",
          "checksum": "7579d8f04cbbe873d2532a40ab5c3949"
        },
        {
          "assetId": "tnQMffms1ryjCUbmhBGpjJ",
          "type": "projectCss",
          "checksum": "577753e444a402029847da4cf8988f42"
        },
        {
          "type": "renderModule",
          "assetId": "JTiWEY73eON4y",
          "checksum": "6e83fb45f63712c1fcf950341d911582"
        },
        {
          "type": "cssRules",
          "assetId": "JTiWEY73eON4y",
          "checksum": "6e83fb45f63712c1fcf950341d911582"
        },
        {
          "type": "renderModule",
          "assetId": "aocFokhHz6gsA",
          "checksum": "ce1235318bd01c27a079a3885bced18f"
        },
        {
          "type": "cssRules",
          "assetId": "aocFokhHz6gsA",
          "checksum": "ce1235318bd01c27a079a3885bced18f"
        },
        {
          "type": "renderModule",
          "assetId": "Q_Ujv8cD6pyte",
          "checksum": "65feb5ac54d7e279350d11763efbcd0b"
        },
        {
          "type": "cssRules",
          "assetId": "Q_Ujv8cD6pyte",
          "checksum": "65feb5ac54d7e279350d11763efbcd0b"
        },
        {
          "type": "renderModule",
          "assetId": "WZTwDzpR5vULU",
          "checksum": "69c6d15e3c680e8729a968ed423689c3"
        },
        {
          "type": "cssRules",
          "assetId": "WZTwDzpR5vULU",
          "checksum": "69c6d15e3c680e8729a968ed423689c3"
        },
        {
          "type": "renderModule",
          "assetId": "GLt64a6Fv-0vj",
          "checksum": "6a018f323c004ab7f29982cb774aacba"
        },
        {
          "type": "cssRules",
          "assetId": "GLt64a6Fv-0vj",
          "checksum": "6a018f323c004ab7f29982cb774aacba"
        },
        {
          "type": "renderModule",
          "assetId": "nRDzRCixf71zf",
          "checksum": "a506fd9f973c9fce93ad0cb63006810b"
        },
        {
          "type": "cssRules",
          "assetId": "nRDzRCixf71zf",
          "checksum": "a506fd9f973c9fce93ad0cb63006810b"
        },
        {
          "type": "renderModule",
          "assetId": "ZTFA8qQLC1KZGV",
          "checksum": "36d112dd0eba9c7d2afa60ea52fd3a41"
        },
        {
          "type": "cssRules",
          "assetId": "ZTFA8qQLC1KZGV",
          "checksum": "36d112dd0eba9c7d2afa60ea52fd3a41"
        },
        {
          "type": "renderModule",
          "assetId": "ki14-PYANZx5U2",
          "checksum": "b27721957a1243a0f8a31309b162d76d"
        },
        {
          "type": "cssRules",
          "assetId": "ki14-PYANZx5U2",
          "checksum": "b27721957a1243a0f8a31309b162d76d"
        },
        {
          "type": "renderModule",
          "assetId": "nIxiH-ZSCasFk8",
          "checksum": "41509875b17fdcb761f03a2f335ff35e"
        },
        {
          "type": "cssRules",
          "assetId": "nIxiH-ZSCasFk8",
          "checksum": "41509875b17fdcb761f03a2f335ff35e"
        },
        {
          "type": "renderModule",
          "assetId": "TjDIMTB2HRizfW",
          "checksum": "43ad715ebc40649a876174c349bf2e2e"
        },
        {
          "type": "cssRules",
          "assetId": "TjDIMTB2HRizfW",
          "checksum": "43ad715ebc40649a876174c349bf2e2e"
        },
        {
          "type": "renderModule",
          "assetId": "DMfK4n3H-JQK9c",
          "checksum": "31515c8ed61ae689ff92b96c736fa4d2"
        },
        {
          "type": "cssRules",
          "assetId": "DMfK4n3H-JQK9c",
          "checksum": "31515c8ed61ae689ff92b96c736fa4d2"
        },
        {
          "type": "renderModule",
          "assetId": "dhtgMvK6HBRzkZ",
          "checksum": "c3acc6cc68fe589dda880a2ac1762c93"
        },
        {
          "type": "cssRules",
          "assetId": "dhtgMvK6HBRzkZ",
          "checksum": "c3acc6cc68fe589dda880a2ac1762c93"
        },
        {
          "type": "renderModule",
          "assetId": "betqEbJDIGTg2H",
          "checksum": "332fcf979c9cf97afc0d4e3f81c893cc"
        },
        {
          "type": "cssRules",
          "assetId": "betqEbJDIGTg2H",
          "checksum": "332fcf979c9cf97afc0d4e3f81c893cc"
        },
        {
          "type": "renderModule",
          "assetId": "sFLLW0B52-Agfb",
          "checksum": "cfc39ab2c44bf3472056ddd7ddb483fe"
        },
        {
          "type": "cssRules",
          "assetId": "sFLLW0B52-Agfb",
          "checksum": "cfc39ab2c44bf3472056ddd7ddb483fe"
        },
        {
          "type": "renderModule",
          "assetId": "e3iEeCEtntMPWg",
          "checksum": "2bef23316ca9090ac0da1d834a71c597"
        },
        {
          "type": "cssRules",
          "assetId": "e3iEeCEtntMPWg",
          "checksum": "2bef23316ca9090ac0da1d834a71c597"
        },
        {
          "type": "renderModule",
          "assetId": "Ug-iDRzQwL692S",
          "checksum": "b6a15f7a2baee20bb20c7edb5f6ca221"
        },
        {
          "type": "cssRules",
          "assetId": "Ug-iDRzQwL692S",
          "checksum": "b6a15f7a2baee20bb20c7edb5f6ca221"
        },
        {
          "type": "renderModule",
          "assetId": "A2XzgztUMIlYHV",
          "checksum": "fd86216245fdb44dac264f6c9c92ed25"
        },
        {
          "type": "cssRules",
          "assetId": "A2XzgztUMIlYHV",
          "checksum": "fd86216245fdb44dac264f6c9c92ed25"
        },
        {
          "type": "icon",
          "assetId": "z_mBgQPEd8bCag",
          "checksum": "57936d2b7e996ecff4898b0a2bb54c22"
        },
        {
          "type": "icon",
          "assetId": "q13lpLlgSH0e1C",
          "checksum": "29b97de33f8c16fb56c02db8f9ef7138"
        },
        {
          "type": "icon",
          "assetId": "RCgLKyDoQ8gYil",
          "checksum": "8ecc700e16edd279585a17b954d6148b"
        },
        {
          "type": "icon",
          "assetId": "Gh_5GnHCRIEUXj",
          "checksum": "eb203294c8cdfb3fc1c909361952f3c1"
        },
        {
          "type": "icon",
          "assetId": "QduoOaFYS6mY11",
          "checksum": "9d42034374e4f7c967e942573e62323b"
        },
        {
          "type": "icon",
          "assetId": "GQ3Uia3GXFjiYN",
          "checksum": "2ad3afcae070124c5ca102e1f9ca590c"
        },
        {
          "type": "icon",
          "assetId": "oLZgT-L4LRSOl-",
          "checksum": "947418d75bcd79df821bec39e80c129a"
        },
        {
          "type": "icon",
          "assetId": "HvcI4m-j2Wf6nY",
          "checksum": "f880c9553d581a9da6370ad6e484909d"
        },
        {
          "type": "icon",
          "assetId": "7KHCc0x0dX0xhc",
          "checksum": "8f9e840fcd5a1bcbd5b12d3b01569e42"
        },
        {
          "type": "icon",
          "assetId": "vGr33nnimHfUVY",
          "checksum": "d27979b10fc4ae8d62aaac3a3b32081f"
        },
        {
          "type": "icon",
          "assetId": "BreiZpzK1mI1Km",
          "checksum": "86d3594760b86858501e575909edede1"
        },
        {
          "type": "icon",
          "assetId": "uOXCICPhkIEI_3",
          "checksum": "88d6c670bb524f4d49661188d8d588da"
        },
        {
          "type": "icon",
          "assetId": "62z81F5oLvdgAk",
          "checksum": "651c009846744d3e6ce70841a41fa8b1"
        },
        {
          "type": "icon",
          "assetId": "6tNqm8IzCaibJC",
          "checksum": "2bb9919961f4ddf496a62282c72839d3"
        },
        {
          "type": "icon",
          "assetId": "elxlkvAEEhjkCb",
          "checksum": "47d6905cfe264a14e7c62f3c14d0d80f"
        },
        {
          "type": "icon",
          "assetId": "-QcMhs7iEOviUu",
          "checksum": "460f45711e4254b68d8031db9bf1368f"
        },
        {
          "type": "icon",
          "assetId": "dHqE1Y4sSlGyAA",
          "checksum": "7305c91c30e83156298282e2b18300ee"
        },
        {
          "type": "icon",
          "assetId": "0cENavt32nHOOV",
          "checksum": "71c22bbc9cb50e8b7c447132b8107fe7"
        },
        {
          "type": "icon",
          "assetId": "bw1IQLuUCYbeHz",
          "checksum": "05ae29a4138ed6017356c12ccd8ec1cd"
        },
        {
          "type": "icon",
          "assetId": "te0g48fs2CsX7o",
          "checksum": "2fa1817062e9921eb60a46b29b7e772e"
        },
        {
          "type": "icon",
          "assetId": "-71qkNdp4eWIFf",
          "checksum": "82bedc4371e97c7fb2e53470965e4817"
        },
        {
          "type": "icon",
          "assetId": "1dKywEqFV8YCR6",
          "checksum": "e994c93b5c80b34cd5e32c72bbe5f103"
        },
        {
          "type": "image",
          "assetId": "8f-16NQ6pih9KE",
          "checksum": "af5656d1c701c80b7657997fa27c9156"
        },
        {
          "type": "image",
          "assetId": "v_vur0AeLeDY8o",
          "checksum": "50ef31fd509e305ed83660160560ae17"
        },
        {
          "type": "image",
          "assetId": "YgB6zV3xtityWC",
          "checksum": "51b7b5090123914659d0b72fceeb5b67"
        },
        {
          "type": "image",
          "assetId": "B_J5VOea9jwbLs",
          "checksum": "e21fa6ec41824a9b4826aa23af5ddeaf"
        }
      ],
      "codegenVersion": "0.0.1"
    }
  ],
  "cliVersion": "0.1.186"
}
